// !$*UTF8*$!
{
	archiveVersion = 1;
	classes = {
	};
	objectVersion = 48;
	objects = {

/* Begin PBXBuildFile section */
		704C2EA71FD93FE300F30987 /* CellContent.swift in Sources */ = {isa = PBXBuildFile; fileRef = 704C2EA61FD93FE300F30987 /* CellContent.swift */; };
		705DA9F31FDA860900E804C5 /* GitDataMainVC.swift in Sources */ = {isa = PBXBuildFile; fileRef = 705DA9F21FDA860900E804C5 /* GitDataMainVC.swift */; };
		708B8E8A1FD5360D005ED8A2 /* AppDelegate.swift in Sources */ = {isa = PBXBuildFile; fileRef = 708B8E891FD5360D005ED8A2 /* AppDelegate.swift */; };
		708B8E8C1FD5360D005ED8A2 /* ShowDataVC.swift in Sources */ = {isa = PBXBuildFile; fileRef = 708B8E8B1FD5360D005ED8A2 /* ShowDataVC.swift */; };
		708B8E911FD5360D005ED8A2 /* Assets.xcassets in Resources */ = {isa = PBXBuildFile; fileRef = 708B8E901FD5360D005ED8A2 /* Assets.xcassets */; };
		708B8E941FD5360D005ED8A2 /* LaunchScreen.storyboard in Resources */ = {isa = PBXBuildFile; fileRef = 708B8E921FD5360D005ED8A2 /* LaunchScreen.storyboard */; };
/* End PBXBuildFile section */

/* Begin PBXFileReference section */
		704C2EA61FD93FE300F30987 /* CellContent.swift */ = {isa = PBXFileReference; lastKnownFileType = sourcecode.swift; path = CellContent.swift; sourceTree = "<group>"; };
		705DA9F21FDA860900E804C5 /* GitDataMainVC.swift */ = {isa = PBXFileReference; lastKnownFileType = sourcecode.swift; path = GitDataMainVC.swift; sourceTree = "<group>"; };
		708B8E861FD5360D005ED8A2 /* GithubStars.app */ = {isa = PBXFileReference; explicitFileType = wrapper.application; includeInIndex = 0; path = GithubStars.app; sourceTree = BUILT_PRODUCTS_DIR; };
		708B8E891FD5360D005ED8A2 /* AppDelegate.swift */ = {isa = PBXFileReference; lastKnownFileType = sourcecode.swift; path = AppDelegate.swift; sourceTree = "<group>"; };
		708B8E8B1FD5360D005ED8A2 /* ShowDataVC.swift */ = {isa = PBXFileReference; lastKnownFileType = sourcecode.swift; path = ShowDataVC.swift; sourceTree = "<group>"; };
		708B8E901FD5360D005ED8A2 /* Assets.xcassets */ = {isa = PBXFileReference; lastKnownFileType = folder.assetcatalog; path = Assets.xcassets; sourceTree = "<group>"; };
		708B8E931FD5360D005ED8A2 /* Base */ = {isa = PBXFileReference; lastKnownFileType = file.storyboard; name = Base; path = Base.lproj/LaunchScreen.storyboard; sourceTree = "<group>"; };
		708B8E951FD5360E005ED8A2 /* Info.plist */ = {isa = PBXFileReference; lastKnownFileType = text.plist.xml; path = Info.plist; sourceTree = "<group>"; };
/* End PBXFileReference section */

/* Begin PBXFrameworksBuildPhase section */
		708B8E831FD5360D005ED8A2 /* Frameworks */ = {
			isa = PBXFrameworksBuildPhase;
			buildActionMask = 2147483647;
			files = (
			);
			runOnlyForDeploymentPostprocessing = 0;
		};
/* End PBXFrameworksBuildPhase section */

/* Begin PBXGroup section */
		708B8E7D1FD5360D005ED8A2 = {
			isa = PBXGroup;
			children = (
				708B8E881FD5360D005ED8A2 /* GithubStars */,
				708B8E871FD5360D005ED8A2 /* Products */,
			);
			sourceTree = "<group>";
		};
		708B8E871FD5360D005ED8A2 /* Products */ = {
			isa = PBXGroup;
			children = (
				708B8E861FD5360D005ED8A2 /* GithubStars.app */,
			);
			name = Products;
			sourceTree = "<group>";
		};
		708B8E881FD5360D005ED8A2 /* GithubStars */ = {
			isa = PBXGroup;
			children = (
				708B8E891FD5360D005ED8A2 /* AppDelegate.swift */,
				705DA9F21FDA860900E804C5 /* GitDataMainVC.swift */,
				708B8E8B1FD5360D005ED8A2 /* ShowDataVC.swift */,
				704C2EA61FD93FE300F30987 /* CellContent.swift */,
				708B8E901FD5360D005ED8A2 /* Assets.xcassets */,
				708B8E921FD5360D005ED8A2 /* LaunchScreen.storyboard */,
				708B8E951FD5360E005ED8A2 /* Info.plist */,
			);
			path = GithubStars;
			sourceTree = "<group>";
		};
/* End PBXGroup section */

/* Begin PBXNativeTarget section */
		708B8E851FD5360D005ED8A2 /* GithubStars */ = {
			isa = PBXNativeTarget;
			buildConfigurationList = 708B8E981FD5360E005ED8A2 /* Build configuration list for PBXNativeTarget "GithubStars" */;
			buildPhases = (
				708B8E821FD5360D005ED8A2 /* Sources */,
				708B8E831FD5360D005ED8A2 /* Frameworks */,
				708B8E841FD5360D005ED8A2 /* Resources */,
			);
			buildRules = (
			);
			dependencies = (
			);
			name = GithubStars;
			productName = GithubStars;
			productReference = 708B8E861FD5360D005ED8A2 /* GithubStars.app */;
			productType = "com.apple.product-type.application";
		};
/* End PBXNativeTarget section */

/* Begin PBXProject section */
		708B8E7E1FD5360D005ED8A2 /* Project object */ = {
			isa = PBXProject;
			attributes = {
				LastSwiftUpdateCheck = 0910;
				LastUpgradeCheck = 0910;
				ORGANIZATIONNAME = PinguMac;
				TargetAttributes = {
					708B8E851FD5360D005ED8A2 = {
						CreatedOnToolsVersion = 9.1;
						ProvisioningStyle = Automatic;
					};
				};
			};
			buildConfigurationList = 708B8E811FD5360D005ED8A2 /* Build configuration list for PBXProject "GithubStars" */;
			compatibilityVersion = "Xcode 8.0";
			developmentRegion = en;
			hasScannedForEncodings = 0;
			knownRegions = (
				en,
				Base,
			);
			mainGroup = 708B8E7D1FD5360D005ED8A2;
			productRefGroup = 708B8E871FD5360D005ED8A2 /* Products */;
			projectDirPath = "";
			projectRoot = "";
			targets = (
				708B8E851FD5360D005ED8A2 /* GithubStars */,
			);
		};
/* End PBXProject section */

/* Begin PBXResourcesBuildPhase section */
		708B8E841FD5360D005ED8A2 /* Resources */ = {
			isa = PBXResourcesBuildPhase;
			buildActionMask = 2147483647;
			files = (
				708B8E941FD5360D005ED8A2 /* LaunchScreen.storyboard in Resources */,
				708B8E911FD5360D005ED8A2 /* Assets.xcassets in Resources */,
			);
			runOnlyForDeploymentPostprocessing = 0;
		};
/* End PBXResourcesBuildPhase section */

/* Begin PBXSourcesBuildPhase section */
		708B8E821FD5360D005ED8A2 /* Sources */ = {
			isa = PBXSourcesBuildPhase;
			buildActionMask = 2147483647;
			files = (
				708B8E8C1FD5360D005ED8A2 /* ShowDataVC.swift in Sources */,
				708B8E8A1FD5360D005ED8A2 /* AppDelegate.swift in Sources */,
				705DA9F31FDA860900E804C5 /* GitDataMainVC.swift in Sources */,
				704C2EA71FD93FE300F30987 /* CellContent.swift in Sources */,
			);
			runOnlyForDeploymentPostprocessing = 0;
		};
/* End PBXSourcesBuildPhase section */

/* Begin PBXVariantGroup section */
		708B8E921FD5360D005ED8A2 /* LaunchScreen.storyboard */ = {
			isa = PBXVariantGroup;
			children = (
				708B8E931FD5360D005ED8A2 /* Base */,
			);
			name = LaunchScreen.storyboard;
			sourceTree = "<group>";
		};
/* End PBXVariantGroup section */

/* Begin XCBuildConfiguration section */
		708B8E961FD5360E005ED8A2 /* Debug */ = {
			isa = XCBuildConfiguration;
			buildSettings = {
				ALWAYS_SEARCH_USER_PATHS = NO;
				CLANG_ANALYZER_NONNULL = YES;
				CLANG_ANALYZER_NUMBER_OBJECT_CONVERSION = YES_AGGRESSIVE;
				CLANG_CXX_LANGUAGE_STANDARD = "gnu++14";
				CLANG_CXX_LIBRARY = "libc++";
				CLANG_ENABLE_MODULES = YES;
				CLANG_ENABLE_OBJC_ARC = YES;
				CLANG_WARN_BLOCK_CAPTURE_AUTORELEASING = YES;
				CLANG_WARN_BOOL_CONVERSION = YES;
				CLANG_WARN_COMMA = YES;
				CLANG_WARN_CONSTANT_CONVERSION = YES;
				CLANG_WARN_DIRECT_OBJC_ISA_USAGE = YES_ERROR;
				CLANG_WARN_DOCUMENTATION_COMMENTS = YES;
				CLANG_WARN_EMPTY_BODY = YES;
				CLANG_WARN_ENUM_CONVERSION = YES;
				CLANG_WARN_INFINITE_RECURSION = YES;
				CLANG_WARN_INT_CONVERSION = YES;
				CLANG_WARN_NON_LITERAL_NULL_CONVERSION = YES;
				CLANG_WARN_OBJC_LITERAL_CONVERSION = YES;
				CLANG_WARN_OBJC_ROOT_CLASS = YES_ERROR;
				CLANG_WARN_RANGE_LOOP_ANALYSIS = YES;
				CLANG_WARN_STRICT_PROTOTYPES = YES;
				CLANG_WARN_SUSPICIOUS_MOVE = YES;
				CLANG_WARN_UNGUARDED_AVAILABILITY = YES_AGGRESSIVE;
				CLANG_WARN_UNREACHABLE_CODE = YES;
				CLANG_WARN__DUPLICATE_METHOD_MATCH = YES;
				CODE_SIGN_IDENTITY = "iPhone Developer";
				COPY_PHASE_STRIP = NO;
				DEBUG_INFORMATION_FORMAT = dwarf;
				ENABLE_STRICT_OBJC_MSGSEND = YES;
				ENABLE_TESTABILITY = YES;
				GCC_C_LANGUAGE_STANDARD = gnu11;
				GCC_DYNAMIC_NO_PIC = NO;
				GCC_NO_COMMON_BLOCKS = YES;
				GCC_OPTIMIZATION_LEVEL = 0;
				GCC_PREPROCESSOR_DEFINITIONS = (
					"DEBUG=1",
					"$(inherited)",
				);
				GCC_WARN_64_TO_32_BIT_CONVERSION = YES;
				GCC_WARN_ABOUT_RETURN_TYPE = YES_ERROR;
				GCC_WARN_UNDECLARED_SELECTOR = YES;
				GCC_WARN_UNINITIALIZED_AUTOS = YES_AGGRESSIVE;
				GCC_WARN_UNUSED_FUNCTION = YES;
				GCC_WARN_UNUSED_VARIABLE = YES;
				IPHONEOS_DEPLOYMENT_TARGET = 11.1;
				MTL_ENABLE_DEBUG_INFO = YES;
				ONLY_ACTIVE_ARCH = YES;
				SDKROOT = iphoneos;
				SWIFT_ACTIVE_COMPILATION_CONDITIONS = DEBUG;
				SWIFT_OPTIMIZATION_LEVEL = "-Onone";
			};
			name = Debug;
		};
		708B8E971FD5360E005ED8A2 /* Release */ = {
			isa = XCBuildConfiguration;
			buildSettings = {
				ALWAYS_SEARCH_USER_PATHS = NO;
				CLANG_ANALYZER_NONNULL = YES;
				CLANG_ANALYZER_NUMBER_OBJECT_CONVERSION = YES_AGGRESSIVE;
				CLANG_CXX_LANGUAGE_STANDARD = "gnu++14";
				CLANG_CXX_LIBRARY = "libc++";
				CLANG_ENABLE_MODULES = YES;
				CLANG_ENABLE_OBJC_ARC = YES;
				CLANG_WARN_BLOCK_CAPTURE_AUTORELEASING = YES;
				CLANG_WARN_BOOL_CONVERSION = YES;
				CLANG_WARN_COMMA = YES;
				CLANG_WARN_CONSTANT_CONVERSION = YES;
				CLANG_WARN_DIRECT_OBJC_ISA_USAGE = YES_ERROR;
				CLANG_WARN_DOCUMENTATION_COMMENTS = YES;
				CLANG_WARN_EMPTY_BODY = YES;
				CLANG_WARN_ENUM_CONVERSION = YES;
				CLANG_WARN_INFINITE_RECURSION = YES;
				CLANG_WARN_INT_CONVERSION = YES;
				CLANG_WARN_NON_LITERAL_NULL_CONVERSION = YES;
				CLANG_WARN_OBJC_LITERAL_CONVERSION = YES;
				CLANG_WARN_OBJC_ROOT_CLASS = YES_ERROR;
				CLANG_WARN_RANGE_LOOP_ANALYSIS = YES;
				CLANG_WARN_STRICT_PROTOTYPES = YES;
				CLANG_WARN_SUSPICIOUS_MOVE = YES;
				CLANG_WARN_UNGUARDED_AVAILABILITY = YES_AGGRESSIVE;
				CLANG_WARN_UNREACHABLE_CODE = YES;
				CLANG_WARN__DUPLICATE_METHOD_MATCH = YES;
				CODE_SIGN_IDENTITY = "iPhone Developer";
				COPY_PHASE_STRIP = NO;
				DEBUG_INFORMATION_FORMAT = "dwarf-with-dsym";
				ENABLE_NS_ASSERTIONS = NO;
				ENABLE_STRICT_OBJC_MSGSEND = YES;
				GCC_C_LANGUAGE_STANDARD = gnu11;
				GCC_NO_COMMON_BLOCKS = YES;
				GCC_WARN_64_TO_32_BIT_CONVERSION = YES;
				GCC_WARN_ABOUT_RETURN_TYPE = YES_ERROR;
				GCC_WARN_UNDECLARED_SELECTOR = YES;
				GCC_WARN_UNINITIALIZED_AUTOS = YES_AGGRESSIVE;
				GCC_WARN_UNUSED_FUNCTION = YES;
				GCC_WARN_UNUSED_VARIABLE = YES;
				IPHONEOS_DEPLOYMENT_TARGET = 11.1;
				MTL_ENABLE_DEBUG_INFO = NO;
				SDKROOT = iphoneos;
				SWIFT_OPTIMIZATION_LEVEL = "-Owholemodule";
				VALIDATE_PRODUCT = YES;
			};
			name = Release;
		};
		708B8E991FD5360E005ED8A2 /* Debug */ = {
			isa = XCBuildConfiguration;
			buildSettings = {
				ASSETCATALOG_COMPILER_APPICON_NAME = AppIcon;
				CODE_SIGN_STYLE = Automatic;
				DEVELOPMENT_TEAM = XRUZX72PMD;
				INFOPLIST_FILE = GithubStars/Info.plist;
				LD_RUNPATH_SEARCH_PATHS = "$(inherited) @executable_path/Frameworks";
				PRODUCT_BUNDLE_IDENTIFIER = PinguDemo.GithubStars;
				PRODUCT_NAME = "$(TARGET_NAME)";
				SWIFT_VERSION = 4.0;
				TARGETED_DEVICE_FAMILY = "1,2";
			};
			name = Debug;
		};
		708B8E9A1FD5360E005ED8A2 /* Release */ = {
			isa = XCBuildConfiguration;
			buildSettings = {
				ASSETCATALOG_COMPILER_APPICON_NAME = AppIcon;
				CODE_SIGN_STYLE = Automatic;
				DEVELOPMENT_TEAM = XRUZX72PMD;
				INFOPLIST_FILE = GithubStars/Info.plist;
				LD_RUNPATH_SEARCH_PATHS = "$(inherited) @executable_path/Frameworks";
				PRODUCT_BUNDLE_IDENTIFIER = PinguDemo.GithubStars;
				PRODUCT_NAME = "$(TARGET_NAME)";
				SWIFT_VERSION = 4.0;
				TARGETED_DEVICE_FAMILY = "1,2";
			};
			name = Release;
		};
/* End XCBuildConfiguration section */

/* Begin XCConfigurationList section */
		708B8E811FD5360D005ED8A2 /* Build configuration list for PBXProject "GithubStars" */ = {
			isa = XCConfigurationList;
			buildConfigurations = (
				708B8E961FD5360E005ED8A2 /* Debug */,
				708B8E971FD5360E005ED8A2 /* Release */,
			);
			defaultConfigurationIsVisible = 0;
			defaultConfigurationName = Release;
		};
		708B8E981FD5360E005ED8A2 /* Build configuration list for PBXNativeTarget "GithubStars" */ = {
			isa = XCConfigurationList;
			buildConfigurations = (
				708B8E991FD5360E005ED8A2 /* Debug */,
				708B8E9A1FD5360E005ED8A2 /* Release */,
			);
			defaultConfigurationIsVisible = 0;
			defaultConfigurationName = Release;
		};
/* End XCConfigurationList section */
	};
	rootObject = 708B8E7E1FD5360D005ED8A2 /* Project object */;
}
