// !$*UTF8*$!
{
	archiveVersion = 1;
	classes = {
	};
	objectVersion = 48;
	objects = {

/* Begin PBXBuildFile section */
		702C67991FF4A1B900CA67ED /* Sqlite.swift in Sources */ = {isa = PBXBuildFile; fileRef = 702C67981FF4A1B900CA67ED /* Sqlite.swift */; };
		70A5F1B62003BB50006A7567 /* UpdateViewController.swift in Sources */ = {isa = PBXBuildFile; fileRef = 70A5F1B52003BB50006A7567 /* UpdateViewController.swift */; };
		70A5F1B82003C32A006A7567 /* HomeViewController.swift in Sources */ = {isa = PBXBuildFile; fileRef = 70A5F1B72003C32A006A7567 /* HomeViewController.swift */; };
		70A5F1BC2003C61C006A7567 /* UserInfo.swift in Sources */ = {isa = PBXBuildFile; fileRef = 70A5F1BB2003C61C006A7567 /* UserInfo.swift */; };
		70B4FFBB1FEF7C1D006C2C48 /* AppDelegate.swift in Sources */ = {isa = PBXBuildFile; fileRef = 70B4FFBA1FEF7C1D006C2C48 /* AppDelegate.swift */; };
		70B4FFC21FEF7C1D006C2C48 /* Assets.xcassets in Resources */ = {isa = PBXBuildFile; fileRef = 70B4FFC11FEF7C1D006C2C48 /* Assets.xcassets */; };
		70B4FFC51FEF7C1D006C2C48 /* LaunchScreen.storyboard in Resources */ = {isa = PBXBuildFile; fileRef = 70B4FFC31FEF7C1D006C2C48 /* LaunchScreen.storyboard */; };
		70D01E4F1FF7C890007A1E5E /* AddViewController.swift in Sources */ = {isa = PBXBuildFile; fileRef = 70D01E4E1FF7C890007A1E5E /* AddViewController.swift */; };
		70DA70401FFA5D4000F0D20A /* DbTableCell.swift in Sources */ = {isa = PBXBuildFile; fileRef = 70DA703F1FFA5D4000F0D20A /* DbTableCell.swift */; };
/* End PBXBuildFile section */

/* Begin PBXFileReference section */
		702C67981FF4A1B900CA67ED /* Sqlite.swift */ = {isa = PBXFileReference; lastKnownFileType = sourcecode.swift; path = Sqlite.swift; sourceTree = "<group>"; };
		70385A5C1FF3735F00C35CE9 /* libsqlite3.tbd */ = {isa = PBXFileReference; lastKnownFileType = "sourcecode.text-based-dylib-definition"; name = libsqlite3.tbd; path = usr/lib/libsqlite3.tbd; sourceTree = SDKROOT; };
		70A5F1B52003BB50006A7567 /* UpdateViewController.swift */ = {isa = PBXFileReference; lastKnownFileType = sourcecode.swift; path = UpdateViewController.swift; sourceTree = "<group>"; };
		70A5F1B72003C32A006A7567 /* HomeViewController.swift */ = {isa = PBXFileReference; lastKnownFileType = sourcecode.swift; path = HomeViewController.swift; sourceTree = "<group>"; };
		70A5F1BB2003C61C006A7567 /* UserInfo.swift */ = {isa = PBXFileReference; lastKnownFileType = sourcecode.swift; path = UserInfo.swift; sourceTree = "<group>"; };
		70B4FFB71FEF7C1D006C2C48 /* SQLite.app */ = {isa = PBXFileReference; explicitFileType = wrapper.application; includeInIndex = 0; path = SQLite.app; sourceTree = BUILT_PRODUCTS_DIR; };
		70B4FFBA1FEF7C1D006C2C48 /* AppDelegate.swift */ = {isa = PBXFileReference; lastKnownFileType = sourcecode.swift; path = AppDelegate.swift; sourceTree = "<group>"; };
		70B4FFC11FEF7C1D006C2C48 /* Assets.xcassets */ = {isa = PBXFileReference; lastKnownFileType = folder.assetcatalog; path = Assets.xcassets; sourceTree = "<group>"; };
		70B4FFC41FEF7C1D006C2C48 /* Base */ = {isa = PBXFileReference; lastKnownFileType = file.storyboard; name = Base; path = Base.lproj/LaunchScreen.storyboard; sourceTree = "<group>"; };
		70B4FFC61FEF7C1D006C2C48 /* Info.plist */ = {isa = PBXFileReference; lastKnownFileType = text.plist.xml; path = Info.plist; sourceTree = "<group>"; };
		70D01E4E1FF7C890007A1E5E /* AddViewController.swift */ = {isa = PBXFileReference; lastKnownFileType = sourcecode.swift; path = AddViewController.swift; sourceTree = "<group>"; };
		70DA703F1FFA5D4000F0D20A /* DbTableCell.swift */ = {isa = PBXFileReference; lastKnownFileType = sourcecode.swift; path = DbTableCell.swift; sourceTree = "<group>"; };
/* End PBXFileReference section */

/* Begin PBXFrameworksBuildPhase section */
		70B4FFB41FEF7C1D006C2C48 /* Frameworks */ = {
			isa = PBXFrameworksBuildPhase;
			buildActionMask = 2147483647;
			files = (
			);
			runOnlyForDeploymentPostprocessing = 0;
		};
/* End PBXFrameworksBuildPhase section */

/* Begin PBXGroup section */
		70385A5B1FF3735F00C35CE9 /* Frameworks */ = {
			isa = PBXGroup;
			children = (
				70385A5C1FF3735F00C35CE9 /* libsqlite3.tbd */,
			);
			name = Frameworks;
			sourceTree = "<group>";
		};
		70A5F1B320031757006A7567 /* Controller */ = {
			isa = PBXGroup;
			children = (
				70D01E4E1FF7C890007A1E5E /* AddViewController.swift */,
				70A5F1B52003BB50006A7567 /* UpdateViewController.swift */,
				70A5F1B72003C32A006A7567 /* HomeViewController.swift */,
			);
			path = Controller;
			sourceTree = "<group>";
		};
		70A5F1B420031771006A7567 /* View */ = {
			isa = PBXGroup;
			children = (
				70DA703F1FFA5D4000F0D20A /* DbTableCell.swift */,
			);
			path = View;
			sourceTree = "<group>";
		};
		70A5F1BA2003C5FA006A7567 /* Model */ = {
			isa = PBXGroup;
			children = (
				70A5F1BB2003C61C006A7567 /* UserInfo.swift */,
				702C67981FF4A1B900CA67ED /* Sqlite.swift */,
			);
			path = Model;
			sourceTree = "<group>";
		};
		70B4FFAE1FEF7C1D006C2C48 = {
			isa = PBXGroup;
			children = (
				70B4FFB91FEF7C1D006C2C48 /* SQLite */,
				70B4FFB81FEF7C1D006C2C48 /* Products */,
				70385A5B1FF3735F00C35CE9 /* Frameworks */,
			);
			sourceTree = "<group>";
		};
		70B4FFB81FEF7C1D006C2C48 /* Products */ = {
			isa = PBXGroup;
			children = (
				70B4FFB71FEF7C1D006C2C48 /* SQLite.app */,
			);
			name = Products;
			sourceTree = "<group>";
		};
		70B4FFB91FEF7C1D006C2C48 /* SQLite */ = {
			isa = PBXGroup;
			children = (
				70B4FFBA1FEF7C1D006C2C48 /* AppDelegate.swift */,
				70A5F1BA2003C5FA006A7567 /* Model */,
				70A5F1B320031757006A7567 /* Controller */,
				70A5F1B420031771006A7567 /* View */,
				70B4FFC11FEF7C1D006C2C48 /* Assets.xcassets */,
				70B4FFC31FEF7C1D006C2C48 /* LaunchScreen.storyboard */,
				70B4FFC61FEF7C1D006C2C48 /* Info.plist */,
			);
			path = SQLite;
			sourceTree = "<group>";
		};
/* End PBXGroup section */

/* Begin PBXNativeTarget section */
		70B4FFB61FEF7C1D006C2C48 /* SQLite */ = {
			isa = PBXNativeTarget;
			buildConfigurationList = 70B4FFC91FEF7C1D006C2C48 /* Build configuration list for PBXNativeTarget "SQLite" */;
			buildPhases = (
				70B4FFB31FEF7C1D006C2C48 /* Sources */,
				70B4FFB41FEF7C1D006C2C48 /* Frameworks */,
				70B4FFB51FEF7C1D006C2C48 /* Resources */,
			);
			buildRules = (
			);
			dependencies = (
			);
			name = SQLite;
			productName = SQLite;
			productReference = 70B4FFB71FEF7C1D006C2C48 /* SQLite.app */;
			productType = "com.apple.product-type.application";
		};
/* End PBXNativeTarget section */

/* Begin PBXProject section */
		70B4FFAF1FEF7C1D006C2C48 /* Project object */ = {
			isa = PBXProject;
			attributes = {
				LastSwiftUpdateCheck = 0920;
				LastUpgradeCheck = 0920;
				ORGANIZATIONNAME = PinguMac;
				TargetAttributes = {
					70B4FFB61FEF7C1D006C2C48 = {
						CreatedOnToolsVersion = 9.2;
						ProvisioningStyle = Automatic;
					};
				};
			};
			buildConfigurationList = 70B4FFB21FEF7C1D006C2C48 /* Build configuration list for PBXProject "SQLite" */;
			compatibilityVersion = "Xcode 8.0";
			developmentRegion = en;
			hasScannedForEncodings = 0;
			knownRegions = (
				en,
				Base,
			);
			mainGroup = 70B4FFAE1FEF7C1D006C2C48;
			productRefGroup = 70B4FFB81FEF7C1D006C2C48 /* Products */;
			projectDirPath = "";
			projectRoot = "";
			targets = (
				70B4FFB61FEF7C1D006C2C48 /* SQLite */,
			);
		};
/* End PBXProject section */

/* Begin PBXResourcesBuildPhase section */
		70B4FFB51FEF7C1D006C2C48 /* Resources */ = {
			isa = PBXResourcesBuildPhase;
			buildActionMask = 2147483647;
			files = (
				70B4FFC51FEF7C1D006C2C48 /* LaunchScreen.storyboard in Resources */,
				70B4FFC21FEF7C1D006C2C48 /* Assets.xcassets in Resources */,
			);
			runOnlyForDeploymentPostprocessing = 0;
		};
/* End PBXResourcesBuildPhase section */

/* Begin PBXSourcesBuildPhase section */
		70B4FFB31FEF7C1D006C2C48 /* Sources */ = {
			isa = PBXSourcesBuildPhase;
			buildActionMask = 2147483647;
			files = (
				70DA70401FFA5D4000F0D20A /* DbTableCell.swift in Sources */,
				702C67991FF4A1B900CA67ED /* Sqlite.swift in Sources */,
				70B4FFBB1FEF7C1D006C2C48 /* AppDelegate.swift in Sources */,
				70A5F1BC2003C61C006A7567 /* UserInfo.swift in Sources */,
				70D01E4F1FF7C890007A1E5E /* AddViewController.swift in Sources */,
				70A5F1B82003C32A006A7567 /* HomeViewController.swift in Sources */,
				70A5F1B62003BB50006A7567 /* UpdateViewController.swift in Sources */,
			);
			runOnlyForDeploymentPostprocessing = 0;
		};
/* End PBXSourcesBuildPhase section */

/* Begin PBXVariantGroup section */
		70B4FFC31FEF7C1D006C2C48 /* LaunchScreen.storyboard */ = {
			isa = PBXVariantGroup;
			children = (
				70B4FFC41FEF7C1D006C2C48 /* Base */,
			);
			name = LaunchScreen.storyboard;
			sourceTree = "<group>";
		};
/* End PBXVariantGroup section */

/* Begin XCBuildConfiguration section */
		70B4FFC71FEF7C1D006C2C48 /* Debug */ = {
			isa = XCBuildConfiguration;
			buildSettings = {
				ALWAYS_SEARCH_USER_PATHS = NO;
				CLANG_ANALYZER_NONNULL = YES;
				CLANG_ANALYZER_NUMBER_OBJECT_CONVERSION = YES_AGGRESSIVE;
				CLANG_CXX_LANGUAGE_STANDARD = "gnu++14";
				CLANG_CXX_LIBRARY = "libc++";
				CLANG_ENABLE_MODULES = YES;
				CLANG_ENABLE_OBJC_ARC = YES;
				CLANG_WARN_BLOCK_CAPTURE_AUTORELEASING = YES;
				CLANG_WARN_BOOL_CONVERSION = YES;
				CLANG_WARN_COMMA = YES;
				CLANG_WARN_CONSTANT_CONVERSION = YES;
				CLANG_WARN_DIRECT_OBJC_ISA_USAGE = YES_ERROR;
				CLANG_WARN_DOCUMENTATION_COMMENTS = YES;
				CLANG_WARN_EMPTY_BODY = YES;
				CLANG_WARN_ENUM_CONVERSION = YES;
				CLANG_WARN_INFINITE_RECURSION = YES;
				CLANG_WARN_INT_CONVERSION = YES;
				CLANG_WARN_NON_LITERAL_NULL_CONVERSION = YES;
				CLANG_WARN_OBJC_LITERAL_CONVERSION = YES;
				CLANG_WARN_OBJC_ROOT_CLASS = YES_ERROR;
				CLANG_WARN_RANGE_LOOP_ANALYSIS = YES;
				CLANG_WARN_STRICT_PROTOTYPES = YES;
				CLANG_WARN_SUSPICIOUS_MOVE = YES;
				CLANG_WARN_UNGUARDED_AVAILABILITY = YES_AGGRESSIVE;
				CLANG_WARN_UNREACHABLE_CODE = YES;
				CLANG_WARN__DUPLICATE_METHOD_MATCH = YES;
				CODE_SIGN_IDENTITY = "iPhone Developer";
				COPY_PHASE_STRIP = NO;
				DEBUG_INFORMATION_FORMAT = dwarf;
				ENABLE_STRICT_OBJC_MSGSEND = YES;
				ENABLE_TESTABILITY = YES;
				GCC_C_LANGUAGE_STANDARD = gnu11;
				GCC_DYNAMIC_NO_PIC = NO;
				GCC_NO_COMMON_BLOCKS = YES;
				GCC_OPTIMIZATION_LEVEL = 0;
				GCC_PREPROCESSOR_DEFINITIONS = (
					"DEBUG=1",
					"$(inherited)",
				);
				GCC_WARN_64_TO_32_BIT_CONVERSION = YES;
				GCC_WARN_ABOUT_RETURN_TYPE = YES_ERROR;
				GCC_WARN_UNDECLARED_SELECTOR = YES;
				GCC_WARN_UNINITIALIZED_AUTOS = YES_AGGRESSIVE;
				GCC_WARN_UNUSED_FUNCTION = YES;
				GCC_WARN_UNUSED_VARIABLE = YES;
				IPHONEOS_DEPLOYMENT_TARGET = 11.2;
				MTL_ENABLE_DEBUG_INFO = YES;
				ONLY_ACTIVE_ARCH = YES;
				SDKROOT = iphoneos;
				SWIFT_ACTIVE_COMPILATION_CONDITIONS = DEBUG;
				SWIFT_OPTIMIZATION_LEVEL = "-Onone";
			};
			name = Debug;
		};
		70B4FFC81FEF7C1D006C2C48 /* Release */ = {
			isa = XCBuildConfiguration;
			buildSettings = {
				ALWAYS_SEARCH_USER_PATHS = NO;
				CLANG_ANALYZER_NONNULL = YES;
				CLANG_ANALYZER_NUMBER_OBJECT_CONVERSION = YES_AGGRESSIVE;
				CLANG_CXX_LANGUAGE_STANDARD = "gnu++14";
				CLANG_CXX_LIBRARY = "libc++";
				CLANG_ENABLE_MODULES = YES;
				CLANG_ENABLE_OBJC_ARC = YES;
				CLANG_WARN_BLOCK_CAPTURE_AUTORELEASING = YES;
				CLANG_WARN_BOOL_CONVERSION = YES;
				CLANG_WARN_COMMA = YES;
				CLANG_WARN_CONSTANT_CONVERSION = YES;
				CLANG_WARN_DIRECT_OBJC_ISA_USAGE = YES_ERROR;
				CLANG_WARN_DOCUMENTATION_COMMENTS = YES;
				CLANG_WARN_EMPTY_BODY = YES;
				CLANG_WARN_ENUM_CONVERSION = YES;
				CLANG_WARN_INFINITE_RECURSION = YES;
				CLANG_WARN_INT_CONVERSION = YES;
				CLANG_WARN_NON_LITERAL_NULL_CONVERSION = YES;
				CLANG_WARN_OBJC_LITERAL_CONVERSION = YES;
				CLANG_WARN_OBJC_ROOT_CLASS = YES_ERROR;
				CLANG_WARN_RANGE_LOOP_ANALYSIS = YES;
				CLANG_WARN_STRICT_PROTOTYPES = YES;
				CLANG_WARN_SUSPICIOUS_MOVE = YES;
				CLANG_WARN_UNGUARDED_AVAILABILITY = YES_AGGRESSIVE;
				CLANG_WARN_UNREACHABLE_CODE = YES;
				CLANG_WARN__DUPLICATE_METHOD_MATCH = YES;
				CODE_SIGN_IDENTITY = "iPhone Developer";
				COPY_PHASE_STRIP = NO;
				DEBUG_INFORMATION_FORMAT = "dwarf-with-dsym";
				ENABLE_NS_ASSERTIONS = NO;
				ENABLE_STRICT_OBJC_MSGSEND = YES;
				GCC_C_LANGUAGE_STANDARD = gnu11;
				GCC_NO_COMMON_BLOCKS = YES;
				GCC_WARN_64_TO_32_BIT_CONVERSION = YES;
				GCC_WARN_ABOUT_RETURN_TYPE = YES_ERROR;
				GCC_WARN_UNDECLARED_SELECTOR = YES;
				GCC_WARN_UNINITIALIZED_AUTOS = YES_AGGRESSIVE;
				GCC_WARN_UNUSED_FUNCTION = YES;
				GCC_WARN_UNUSED_VARIABLE = YES;
				IPHONEOS_DEPLOYMENT_TARGET = 11.2;
				MTL_ENABLE_DEBUG_INFO = NO;
				SDKROOT = iphoneos;
				SWIFT_OPTIMIZATION_LEVEL = "-Owholemodule";
				VALIDATE_PRODUCT = YES;
			};
			name = Release;
		};
		70B4FFCA1FEF7C1D006C2C48 /* Debug */ = {
			isa = XCBuildConfiguration;
			buildSettings = {
				ASSETCATALOG_COMPILER_APPICON_NAME = AppIcon;
				CODE_SIGN_STYLE = Automatic;
				DEVELOPMENT_TEAM = XRUZX72PMD;
				INFOPLIST_FILE = SQLite/Info.plist;
				LD_RUNPATH_SEARCH_PATHS = "$(inherited) @executable_path/Frameworks";
				PRODUCT_BUNDLE_IDENTIFIER = PinguDemo.SQLite;
				PRODUCT_NAME = "$(TARGET_NAME)";
				SWIFT_VERSION = 4.0;
				TARGETED_DEVICE_FAMILY = "1,2";
			};
			name = Debug;
		};
		70B4FFCB1FEF7C1D006C2C48 /* Release */ = {
			isa = XCBuildConfiguration;
			buildSettings = {
				ASSETCATALOG_COMPILER_APPICON_NAME = AppIcon;
				CODE_SIGN_STYLE = Automatic;
				DEVELOPMENT_TEAM = XRUZX72PMD;
				INFOPLIST_FILE = SQLite/Info.plist;
				LD_RUNPATH_SEARCH_PATHS = "$(inherited) @executable_path/Frameworks";
				PRODUCT_BUNDLE_IDENTIFIER = PinguDemo.SQLite;
				PRODUCT_NAME = "$(TARGET_NAME)";
				SWIFT_VERSION = 4.0;
				TARGETED_DEVICE_FAMILY = "1,2";
			};
			name = Release;
		};
/* End XCBuildConfiguration section */

/* Begin XCConfigurationList section */
		70B4FFB21FEF7C1D006C2C48 /* Build configuration list for PBXProject "SQLite" */ = {
			isa = XCConfigurationList;
			buildConfigurations = (
				70B4FFC71FEF7C1D006C2C48 /* Debug */,
				70B4FFC81FEF7C1D006C2C48 /* Release */,
			);
			defaultConfigurationIsVisible = 0;
			defaultConfigurationName = Release;
		};
		70B4FFC91FEF7C1D006C2C48 /* Build configuration list for PBXNativeTarget "SQLite" */ = {
			isa = XCConfigurationList;
			buildConfigurations = (
				70B4FFCA1FEF7C1D006C2C48 /* Debug */,
				70B4FFCB1FEF7C1D006C2C48 /* Release */,
			);
			defaultConfigurationIsVisible = 0;
			defaultConfigurationName = Release;
		};
/* End XCConfigurationList section */
	};
	rootObject = 70B4FFAF1FEF7C1D006C2C48 /* Project object */;
}
