// !$*UTF8*$!
{
	archiveVersion = 1;
	classes = {
	};
	objectVersion = 48;
	objects = {

/* Begin PBXBuildFile section */
		70D94D801FDE18DB006BF025 /* AppDelegate.swift in Sources */ = {isa = PBXBuildFile; fileRef = 70D94D7F1FDE18DB006BF025 /* AppDelegate.swift */; };
		70D94D821FDE18DB006BF025 /* HomePageVC.swift in Sources */ = {isa = PBXBuildFile; fileRef = 70D94D811FDE18DB006BF025 /* HomePageVC.swift */; };
		70D94D871FDE18DB006BF025 /* Assets.xcassets in Resources */ = {isa = PBXBuildFile; fileRef = 70D94D861FDE18DB006BF025 /* Assets.xcassets */; };
		70D94D8A1FDE18DB006BF025 /* LaunchScreen.storyboard in Resources */ = {isa = PBXBuildFile; fileRef = 70D94D881FDE18DB006BF025 /* LaunchScreen.storyboard */; };
		70D94D921FDE1CCE006BF025 /* DashboardVC.swift in Sources */ = {isa = PBXBuildFile; fileRef = 70D94D911FDE1CCE006BF025 /* DashboardVC.swift */; };
		70D94D941FDE1DA5006BF025 /* NotifyVC.swift in Sources */ = {isa = PBXBuildFile; fileRef = 70D94D931FDE1DA5006BF025 /* NotifyVC.swift */; };
		70D94D961FDE1DE8006BF025 /* HomePage2VC.swift in Sources */ = {isa = PBXBuildFile; fileRef = 70D94D951FDE1DE8006BF025 /* HomePage2VC.swift */; };
		70D94D991FDE1E49006BF025 /* HomePage3VC.swift in Sources */ = {isa = PBXBuildFile; fileRef = 70D94D981FDE1E49006BF025 /* HomePage3VC.swift */; };
/* End PBXBuildFile section */

/* Begin PBXFileReference section */
		70D94D7C1FDE18DB006BF025 /* BottomNavigation.app */ = {isa = PBXFileReference; explicitFileType = wrapper.application; includeInIndex = 0; path = BottomNavigation.app; sourceTree = BUILT_PRODUCTS_DIR; };
		70D94D7F1FDE18DB006BF025 /* AppDelegate.swift */ = {isa = PBXFileReference; lastKnownFileType = sourcecode.swift; path = AppDelegate.swift; sourceTree = "<group>"; };
		70D94D811FDE18DB006BF025 /* HomePageVC.swift */ = {isa = PBXFileReference; lastKnownFileType = sourcecode.swift; path = HomePageVC.swift; sourceTree = "<group>"; };
		70D94D861FDE18DB006BF025 /* Assets.xcassets */ = {isa = PBXFileReference; lastKnownFileType = folder.assetcatalog; path = Assets.xcassets; sourceTree = "<group>"; };
		70D94D891FDE18DB006BF025 /* Base */ = {isa = PBXFileReference; lastKnownFileType = file.storyboard; name = Base; path = Base.lproj/LaunchScreen.storyboard; sourceTree = "<group>"; };
		70D94D8B1FDE18DB006BF025 /* Info.plist */ = {isa = PBXFileReference; lastKnownFileType = text.plist.xml; path = Info.plist; sourceTree = "<group>"; };
		70D94D911FDE1CCE006BF025 /* DashboardVC.swift */ = {isa = PBXFileReference; lastKnownFileType = sourcecode.swift; path = DashboardVC.swift; sourceTree = "<group>"; };
		70D94D931FDE1DA5006BF025 /* NotifyVC.swift */ = {isa = PBXFileReference; lastKnownFileType = sourcecode.swift; path = NotifyVC.swift; sourceTree = "<group>"; };
		70D94D951FDE1DE8006BF025 /* HomePage2VC.swift */ = {isa = PBXFileReference; lastKnownFileType = sourcecode.swift; path = HomePage2VC.swift; sourceTree = "<group>"; };
		70D94D981FDE1E49006BF025 /* HomePage3VC.swift */ = {isa = PBXFileReference; lastKnownFileType = sourcecode.swift; path = HomePage3VC.swift; sourceTree = "<group>"; };
/* End PBXFileReference section */

/* Begin PBXFrameworksBuildPhase section */
		70D94D791FDE18DB006BF025 /* Frameworks */ = {
			isa = PBXFrameworksBuildPhase;
			buildActionMask = 2147483647;
			files = (
			);
			runOnlyForDeploymentPostprocessing = 0;
		};
/* End PBXFrameworksBuildPhase section */

/* Begin PBXGroup section */
		70D94D731FDE18DB006BF025 = {
			isa = PBXGroup;
			children = (
				70D94D7E1FDE18DB006BF025 /* BottomNavigation */,
				70D94D7D1FDE18DB006BF025 /* Products */,
			);
			sourceTree = "<group>";
		};
		70D94D7D1FDE18DB006BF025 /* Products */ = {
			isa = PBXGroup;
			children = (
				70D94D7C1FDE18DB006BF025 /* BottomNavigation.app */,
			);
			name = Products;
			sourceTree = "<group>";
		};
		70D94D7E1FDE18DB006BF025 /* BottomNavigation */ = {
			isa = PBXGroup;
			children = (
				70D94D7F1FDE18DB006BF025 /* AppDelegate.swift */,
				70D94D971FDE1E21006BF025 /* HomeTab */,
				70D94D911FDE1CCE006BF025 /* DashboardVC.swift */,
				70D94D931FDE1DA5006BF025 /* NotifyVC.swift */,
				70D94D861FDE18DB006BF025 /* Assets.xcassets */,
				70D94D881FDE18DB006BF025 /* LaunchScreen.storyboard */,
				70D94D8B1FDE18DB006BF025 /* Info.plist */,
			);
			path = BottomNavigation;
			sourceTree = "<group>";
		};
		70D94D971FDE1E21006BF025 /* HomeTab */ = {
			isa = PBXGroup;
			children = (
				70D94D811FDE18DB006BF025 /* HomePageVC.swift */,
				70D94D951FDE1DE8006BF025 /* HomePage2VC.swift */,
				70D94D981FDE1E49006BF025 /* HomePage3VC.swift */,
			);
			path = HomeTab;
			sourceTree = "<group>";
		};
/* End PBXGroup section */

/* Begin PBXNativeTarget section */
		70D94D7B1FDE18DB006BF025 /* BottomNavigation */ = {
			isa = PBXNativeTarget;
			buildConfigurationList = 70D94D8E1FDE18DB006BF025 /* Build configuration list for PBXNativeTarget "BottomNavigation" */;
			buildPhases = (
				70D94D781FDE18DB006BF025 /* Sources */,
				70D94D791FDE18DB006BF025 /* Frameworks */,
				70D94D7A1FDE18DB006BF025 /* Resources */,
			);
			buildRules = (
			);
			dependencies = (
			);
			name = BottomNavigation;
			productName = BottomNavigation;
			productReference = 70D94D7C1FDE18DB006BF025 /* BottomNavigation.app */;
			productType = "com.apple.product-type.application";
		};
/* End PBXNativeTarget section */

/* Begin PBXProject section */
		70D94D741FDE18DB006BF025 /* Project object */ = {
			isa = PBXProject;
			attributes = {
				LastSwiftUpdateCheck = 0920;
				LastUpgradeCheck = 0920;
				ORGANIZATIONNAME = PinguMac;
				TargetAttributes = {
					70D94D7B1FDE18DB006BF025 = {
						CreatedOnToolsVersion = 9.2;
						ProvisioningStyle = Automatic;
					};
				};
			};
			buildConfigurationList = 70D94D771FDE18DB006BF025 /* Build configuration list for PBXProject "BottomNavigation" */;
			compatibilityVersion = "Xcode 8.0";
			developmentRegion = en;
			hasScannedForEncodings = 0;
			knownRegions = (
				en,
				Base,
			);
			mainGroup = 70D94D731FDE18DB006BF025;
			productRefGroup = 70D94D7D1FDE18DB006BF025 /* Products */;
			projectDirPath = "";
			projectRoot = "";
			targets = (
				70D94D7B1FDE18DB006BF025 /* BottomNavigation */,
			);
		};
/* End PBXProject section */

/* Begin PBXResourcesBuildPhase section */
		70D94D7A1FDE18DB006BF025 /* Resources */ = {
			isa = PBXResourcesBuildPhase;
			buildActionMask = 2147483647;
			files = (
				70D94D8A1FDE18DB006BF025 /* LaunchScreen.storyboard in Resources */,
				70D94D871FDE18DB006BF025 /* Assets.xcassets in Resources */,
			);
			runOnlyForDeploymentPostprocessing = 0;
		};
/* End PBXResourcesBuildPhase section */

/* Begin PBXSourcesBuildPhase section */
		70D94D781FDE18DB006BF025 /* Sources */ = {
			isa = PBXSourcesBuildPhase;
			buildActionMask = 2147483647;
			files = (
				70D94D961FDE1DE8006BF025 /* HomePage2VC.swift in Sources */,
				70D94D821FDE18DB006BF025 /* HomePageVC.swift in Sources */,
				70D94D921FDE1CCE006BF025 /* DashboardVC.swift in Sources */,
				70D94D801FDE18DB006BF025 /* AppDelegate.swift in Sources */,
				70D94D991FDE1E49006BF025 /* HomePage3VC.swift in Sources */,
				70D94D941FDE1DA5006BF025 /* NotifyVC.swift in Sources */,
			);
			runOnlyForDeploymentPostprocessing = 0;
		};
/* End PBXSourcesBuildPhase section */

/* Begin PBXVariantGroup section */
		70D94D881FDE18DB006BF025 /* LaunchScreen.storyboard */ = {
			isa = PBXVariantGroup;
			children = (
				70D94D891FDE18DB006BF025 /* Base */,
			);
			name = LaunchScreen.storyboard;
			sourceTree = "<group>";
		};
/* End PBXVariantGroup section */

/* Begin XCBuildConfiguration section */
		70D94D8C1FDE18DB006BF025 /* Debug */ = {
			isa = XCBuildConfiguration;
			buildSettings = {
				ALWAYS_SEARCH_USER_PATHS = NO;
				CLANG_ANALYZER_NONNULL = YES;
				CLANG_ANALYZER_NUMBER_OBJECT_CONVERSION = YES_AGGRESSIVE;
				CLANG_CXX_LANGUAGE_STANDARD = "gnu++14";
				CLANG_CXX_LIBRARY = "libc++";
				CLANG_ENABLE_MODULES = YES;
				CLANG_ENABLE_OBJC_ARC = YES;
				CLANG_WARN_BLOCK_CAPTURE_AUTORELEASING = YES;
				CLANG_WARN_BOOL_CONVERSION = YES;
				CLANG_WARN_COMMA = YES;
				CLANG_WARN_CONSTANT_CONVERSION = YES;
				CLANG_WARN_DIRECT_OBJC_ISA_USAGE = YES_ERROR;
				CLANG_WARN_DOCUMENTATION_COMMENTS = YES;
				CLANG_WARN_EMPTY_BODY = YES;
				CLANG_WARN_ENUM_CONVERSION = YES;
				CLANG_WARN_INFINITE_RECURSION = YES;
				CLANG_WARN_INT_CONVERSION = YES;
				CLANG_WARN_NON_LITERAL_NULL_CONVERSION = YES;
				CLANG_WARN_OBJC_LITERAL_CONVERSION = YES;
				CLANG_WARN_OBJC_ROOT_CLASS = YES_ERROR;
				CLANG_WARN_RANGE_LOOP_ANALYSIS = YES;
				CLANG_WARN_STRICT_PROTOTYPES = YES;
				CLANG_WARN_SUSPICIOUS_MOVE = YES;
				CLANG_WARN_UNGUARDED_AVAILABILITY = YES_AGGRESSIVE;
				CLANG_WARN_UNREACHABLE_CODE = YES;
				CLANG_WARN__DUPLICATE_METHOD_MATCH = YES;
				CODE_SIGN_IDENTITY = "iPhone Developer";
				COPY_PHASE_STRIP = NO;
				DEBUG_INFORMATION_FORMAT = dwarf;
				ENABLE_STRICT_OBJC_MSGSEND = YES;
				ENABLE_TESTABILITY = YES;
				GCC_C_LANGUAGE_STANDARD = gnu11;
				GCC_DYNAMIC_NO_PIC = NO;
				GCC_NO_COMMON_BLOCKS = YES;
				GCC_OPTIMIZATION_LEVEL = 0;
				GCC_PREPROCESSOR_DEFINITIONS = (
					"DEBUG=1",
					"$(inherited)",
				);
				GCC_WARN_64_TO_32_BIT_CONVERSION = YES;
				GCC_WARN_ABOUT_RETURN_TYPE = YES_ERROR;
				GCC_WARN_UNDECLARED_SELECTOR = YES;
				GCC_WARN_UNINITIALIZED_AUTOS = YES_AGGRESSIVE;
				GCC_WARN_UNUSED_FUNCTION = YES;
				GCC_WARN_UNUSED_VARIABLE = YES;
				IPHONEOS_DEPLOYMENT_TARGET = 11.2;
				MTL_ENABLE_DEBUG_INFO = YES;
				ONLY_ACTIVE_ARCH = YES;
				SDKROOT = iphoneos;
				SWIFT_ACTIVE_COMPILATION_CONDITIONS = DEBUG;
				SWIFT_OPTIMIZATION_LEVEL = "-Onone";
			};
			name = Debug;
		};
		70D94D8D1FDE18DB006BF025 /* Release */ = {
			isa = XCBuildConfiguration;
			buildSettings = {
				ALWAYS_SEARCH_USER_PATHS = NO;
				CLANG_ANALYZER_NONNULL = YES;
				CLANG_ANALYZER_NUMBER_OBJECT_CONVERSION = YES_AGGRESSIVE;
				CLANG_CXX_LANGUAGE_STANDARD = "gnu++14";
				CLANG_CXX_LIBRARY = "libc++";
				CLANG_ENABLE_MODULES = YES;
				CLANG_ENABLE_OBJC_ARC = YES;
				CLANG_WARN_BLOCK_CAPTURE_AUTORELEASING = YES;
				CLANG_WARN_BOOL_CONVERSION = YES;
				CLANG_WARN_COMMA = YES;
				CLANG_WARN_CONSTANT_CONVERSION = YES;
				CLANG_WARN_DIRECT_OBJC_ISA_USAGE = YES_ERROR;
				CLANG_WARN_DOCUMENTATION_COMMENTS = YES;
				CLANG_WARN_EMPTY_BODY = YES;
				CLANG_WARN_ENUM_CONVERSION = YES;
				CLANG_WARN_INFINITE_RECURSION = YES;
				CLANG_WARN_INT_CONVERSION = YES;
				CLANG_WARN_NON_LITERAL_NULL_CONVERSION = YES;
				CLANG_WARN_OBJC_LITERAL_CONVERSION = YES;
				CLANG_WARN_OBJC_ROOT_CLASS = YES_ERROR;
				CLANG_WARN_RANGE_LOOP_ANALYSIS = YES;
				CLANG_WARN_STRICT_PROTOTYPES = YES;
				CLANG_WARN_SUSPICIOUS_MOVE = YES;
				CLANG_WARN_UNGUARDED_AVAILABILITY = YES_AGGRESSIVE;
				CLANG_WARN_UNREACHABLE_CODE = YES;
				CLANG_WARN__DUPLICATE_METHOD_MATCH = YES;
				CODE_SIGN_IDENTITY = "iPhone Developer";
				COPY_PHASE_STRIP = NO;
				DEBUG_INFORMATION_FORMAT = "dwarf-with-dsym";
				ENABLE_NS_ASSERTIONS = NO;
				ENABLE_STRICT_OBJC_MSGSEND = YES;
				GCC_C_LANGUAGE_STANDARD = gnu11;
				GCC_NO_COMMON_BLOCKS = YES;
				GCC_WARN_64_TO_32_BIT_CONVERSION = YES;
				GCC_WARN_ABOUT_RETURN_TYPE = YES_ERROR;
				GCC_WARN_UNDECLARED_SELECTOR = YES;
				GCC_WARN_UNINITIALIZED_AUTOS = YES_AGGRESSIVE;
				GCC_WARN_UNUSED_FUNCTION = YES;
				GCC_WARN_UNUSED_VARIABLE = YES;
				IPHONEOS_DEPLOYMENT_TARGET = 11.2;
				MTL_ENABLE_DEBUG_INFO = NO;
				SDKROOT = iphoneos;
				SWIFT_OPTIMIZATION_LEVEL = "-Owholemodule";
				VALIDATE_PRODUCT = YES;
			};
			name = Release;
		};
		70D94D8F1FDE18DB006BF025 /* Debug */ = {
			isa = XCBuildConfiguration;
			buildSettings = {
				ASSETCATALOG_COMPILER_APPICON_NAME = AppIcon;
				CODE_SIGN_STYLE = Automatic;
				DEVELOPMENT_TEAM = XRUZX72PMD;
				INFOPLIST_FILE = BottomNavigation/Info.plist;
				LD_RUNPATH_SEARCH_PATHS = "$(inherited) @executable_path/Frameworks";
				PRODUCT_BUNDLE_IDENTIFIER = PinguDemo.BottomNavigation;
				PRODUCT_NAME = "$(TARGET_NAME)";
				SWIFT_VERSION = 4.0;
				TARGETED_DEVICE_FAMILY = "1,2";
			};
			name = Debug;
		};
		70D94D901FDE18DB006BF025 /* Release */ = {
			isa = XCBuildConfiguration;
			buildSettings = {
				ASSETCATALOG_COMPILER_APPICON_NAME = AppIcon;
				CODE_SIGN_STYLE = Automatic;
				DEVELOPMENT_TEAM = XRUZX72PMD;
				INFOPLIST_FILE = BottomNavigation/Info.plist;
				LD_RUNPATH_SEARCH_PATHS = "$(inherited) @executable_path/Frameworks";
				PRODUCT_BUNDLE_IDENTIFIER = PinguDemo.BottomNavigation;
				PRODUCT_NAME = "$(TARGET_NAME)";
				SWIFT_VERSION = 4.0;
				TARGETED_DEVICE_FAMILY = "1,2";
			};
			name = Release;
		};
/* End XCBuildConfiguration section */

/* Begin XCConfigurationList section */
		70D94D771FDE18DB006BF025 /* Build configuration list for PBXProject "BottomNavigation" */ = {
			isa = XCConfigurationList;
			buildConfigurations = (
				70D94D8C1FDE18DB006BF025 /* Debug */,
				70D94D8D1FDE18DB006BF025 /* Release */,
			);
			defaultConfigurationIsVisible = 0;
			defaultConfigurationName = Release;
		};
		70D94D8E1FDE18DB006BF025 /* Build configuration list for PBXNativeTarget "BottomNavigation" */ = {
			isa = XCConfigurationList;
			buildConfigurations = (
				70D94D8F1FDE18DB006BF025 /* Debug */,
				70D94D901FDE18DB006BF025 /* Release */,
			);
			defaultConfigurationIsVisible = 0;
			defaultConfigurationName = Release;
		};
/* End XCConfigurationList section */
	};
	rootObject = 70D94D741FDE18DB006BF025 /* Project object */;
}
